{
  "name": "XO-Server",
  "version": "3.3.1",
  "dependencies": {
    "backoff": {
      "version": "2.3.0",
      "from": "backoff@~2.3.0"
    },
    "bluebird": {
      "version": "1.2.4",
      "from": "bluebird@^1.2.4",
      "resolved": "https://registry.npmjs.org/bluebird/-/bluebird-1.2.4.tgz"
    },
    "coffee-script": {
      "version": "1.7.1",
      "from": "coffee-script@~1.7.1",
      "resolved": "https://registry.npmjs.org/coffee-script/-/coffee-script-1.7.1.tgz",
      "dependencies": {
        "mkdirp": {
          "version": "0.3.5",
          "from": "mkdirp@~0.3.5",
          "resolved": "https://registry.npmjs.org/mkdirp/-/mkdirp-0.3.5.tgz"
        }
      }
    },
    "connect": {
      "version": "2.15.0",
      "from": "connect@^2.15.0",
      "resolved": "https://registry.npmjs.org/connect/-/connect-2.15.0.tgz",
      "dependencies": {
        "basic-auth-connect": {
          "version": "1.0.0",
          "from": "basic-auth-connect@1.0.0",
          "resolved": "https://registry.npmjs.org/basic-auth-connect/-/basic-auth-connect-1.0.0.tgz"
        },
        "cookie": {
          "version": "0.1.2",
          "from": "cookie@0.1.2",
          "resolved": "https://registry.npmjs.org/cookie/-/cookie-0.1.2.tgz"
        },
        "cookie-parser": {
          "version": "1.0.1",
          "from": "cookie-parser@1.0.1",
          "resolved": "https://registry.npmjs.org/cookie-parser/-/cookie-parser-1.0.1.tgz",
          "dependencies": {
            "cookie": {
              "version": "0.1.0",
              "from": "cookie@0.1.0"
            }
          }
        },
        "cookie-signature": {
          "version": "1.0.3",
          "from": "cookie-signature@1.0.3",
          "resolved": "https://registry.npmjs.org/cookie-signature/-/cookie-signature-1.0.3.tgz"
        },
        "compression": {
          "version": "1.0.2",
          "from": "compression@1.0.2",
          "resolved": "https://registry.npmjs.org/compression/-/compression-1.0.2.tgz",
          "dependencies": {
            "negotiator": {
              "version": "0.4.3",
              "from": "negotiator@0.4.3",
              "resolved": "https://registry.npmjs.org/negotiator/-/negotiator-0.4.3.tgz"
            },
            "compressible": {
              "version": "1.0.1",
              "from": "compressible@1.0.1",
              "resolved": "https://registry.npmjs.org/compressible/-/compressible-1.0.1.tgz"
            }
          }
        },
        "connect-timeout": {
          "version": "1.1.0",
          "from": "connect-timeout@1.1.0",
          "resolved": "https://registry.npmjs.org/connect-timeout/-/connect-timeout-1.1.0.tgz"
        },
        "csurf": {
          "version": "1.1.0",
          "from": "csurf@1.1.0",
          "resolved": "https://registry.npmjs.org/csurf/-/csurf-1.1.0.tgz",
          "dependencies": {
            "uid2": {
              "version": "0.0.3",
              "from": "uid2@~0.0.2",
              "resolved": "https://registry.npmjs.org/uid2/-/uid2-0.0.3.tgz"
            },
            "scmp": {
              "version": "0.0.3",
              "from": "scmp@~0.0.3"
            }
          }
        },
        "errorhandler": {
          "version": "1.0.1",
          "from": "errorhandler@1.0.1",
          "resolved": "https://registry.npmjs.org/errorhandler/-/errorhandler-1.0.1.tgz"
        },
        "express-session": {
          "version": "1.0.4",
          "from": "express-session@1.0.4",
          "resolved": "https://registry.npmjs.org/express-session/-/express-session-1.0.4.tgz",
          "dependencies": {
            "utils-merge": {
              "version": "1.0.0",
              "from": "utils-merge@1.0.0",
              "resolved": "https://registry.npmjs.org/utils-merge/-/utils-merge-1.0.0.tgz"
            },
            "uid2": {
              "version": "0.0.3",
              "from": "uid2@~0.0.2",
              "resolved": "https://registry.npmjs.org/uid2/-/uid2-0.0.3.tgz"
            },
            "buffer-crc32": {
              "version": "0.2.1",
              "from": "buffer-crc32@0.2.1",
              "resolved": "https://registry.npmjs.org/buffer-crc32/-/buffer-crc32-0.2.1.tgz"
            }
          }
        },
        "fresh": {
          "version": "0.2.2",
          "from": "fresh@0.2.2",
          "resolved": "https://registry.npmjs.org/fresh/-/fresh-0.2.2.tgz"
        },
        "method-override": {
          "version": "1.0.0",
          "from": "method-override@1.0.0",
          "resolved": "https://registry.npmjs.org/method-override/-/method-override-1.0.0.tgz",
          "dependencies": {
            "methods": {
              "version": "0.1.0",
              "from": "methods@*"
            }
          }
        },
        "morgan": {
          "version": "1.0.1",
          "from": "morgan@1.0.1",
          "resolved": "https://registry.npmjs.org/morgan/-/morgan-1.0.1.tgz"
        },
        "qs": {
          "version": "0.6.6",
          "from": "qs@0.6.6"
        },
        "raw-body": {
          "version": "1.1.4",
          "from": "raw-body@1.1.4",
          "resolved": "https://registry.npmjs.org/raw-body/-/raw-body-1.1.4.tgz"
        },
        "response-time": {
          "version": "1.0.0",
          "from": "response-time@1.0.0",
          "resolved": "https://registry.npmjs.org/response-time/-/response-time-1.0.0.tgz"
        },
        "serve-favicon": {
          "version": "2.0.0",
          "from": "serve-favicon@2.0.0",
          "resolved": "https://registry.npmjs.org/serve-favicon/-/serve-favicon-2.0.0.tgz"
        },
        "serve-index": {
          "version": "1.0.2",
          "from": "serve-index@1.0.2",
          "resolved": "https://registry.npmjs.org/serve-index/-/serve-index-1.0.2.tgz",
          "dependencies": {
            "batch": {
              "version": "0.5.0",
              "from": "batch@0.5.0",
              "resolved": "https://registry.npmjs.org/batch/-/batch-0.5.0.tgz"
            },
            "negotiator": {
              "version": "0.4.3",
              "from": "negotiator@0.4.3",
              "resolved": "https://registry.npmjs.org/negotiator/-/negotiator-0.4.3.tgz"
            }
          }
        },
        "serve-static": {
          "version": "1.1.0",
          "from": "serve-static@1.1.0",
          "resolved": "https://registry.npmjs.org/serve-static/-/serve-static-1.1.0.tgz",
          "dependencies": {
            "parseurl": {
              "version": "1.0.1",
              "from": "parseurl@1.0.1",
              "resolved": "https://registry.npmjs.org/parseurl/-/parseurl-1.0.1.tgz"
            },
            "send": {
              "version": "0.3.0",
              "from": "send@0.3.0",
              "resolved": "https://registry.npmjs.org/send/-/send-0.3.0.tgz",
              "dependencies": {
                "buffer-crc32": {
                  "version": "0.2.1",
                  "from": "buffer-crc32@0.2.1",
                  "resolved": "https://registry.npmjs.org/buffer-crc32/-/buffer-crc32-0.2.1.tgz"
                },
                "debug": {
                  "version": "0.8.0",
                  "from": "debug@0.8.0"
                },
                "mime": {
                  "version": "1.2.11",
                  "from": "mime@1.2.11"
                },
                "range-parser": {
                  "version": "1.0.0",
                  "from": "range-parser@~1.0.0",
                  "resolved": "https://registry.npmjs.org/range-parser/-/range-parser-1.0.0.tgz"
                }
              }
            }
          }
        },
        "vhost": {
          "version": "1.0.0",
          "from": "vhost@1.0.0",
          "resolved": "https://registry.npmjs.org/vhost/-/vhost-1.0.0.tgz"
        },
        "bytes": {
          "version": "0.3.0",
          "from": "bytes@0.3.0",
          "resolved": "https://registry.npmjs.org/bytes/-/bytes-0.3.0.tgz"
        },
        "pause": {
          "version": "0.0.1",
          "from": "pause@0.0.1",
          "resolved": "https://registry.npmjs.org/pause/-/pause-0.0.1.tgz"
        },
        "debug": {
          "version": "0.8.1",
          "from": "debug@*",
          "resolved": "https://registry.npmjs.org/debug/-/debug-0.8.1.tgz"
        },
        "multiparty": {
          "version": "2.2.0",
          "from": "multiparty@2.2.0",
          "resolved": "https://registry.npmjs.org/multiparty/-/multiparty-2.2.0.tgz",
          "dependencies": {
            "readable-stream": {
              "version": "1.1.13-1",
              "from": "readable-stream@~1.1.9",
              "dependencies": {
                "core-util-is": {
                  "version": "1.0.1",
                  "from": "core-util-is@~1.0.0"
                },
                "isarray": {
                  "version": "0.0.1",
                  "from": "isarray@0.0.1",
                  "resolved": "https://registry.npmjs.org/isarray/-/isarray-0.0.1.tgz"
                },
                "string_decoder": {
                  "version": "0.10.25-1",
                  "from": "string_decoder@~0.10.x"
                },
                "inherits": {
                  "version": "2.0.1",
                  "from": "inherits@~2.0.1"
                }
              }
            },
            "stream-counter": {
              "version": "0.2.0",
              "from": "stream-counter@~0.2.0"
            }
          }
        }
      }
    },
    "extendable": {
      "version": "0.0.6",
      "from": "extendable@~0.0.6"
    },
    "fibers": {
      "version": "1.0.1",
      "from": "fibers@~1.0.1"
    },
    "hashy": {
      "version": "0.3.1",
      "from": "hashy@~0.3.1",
      "dependencies": {
        "bcrypt": {
          "version": "0.7.8",
          "from": "bcrypt@~0.7.7",
          "resolved": "https://registry.npmjs.org/bcrypt/-/bcrypt-0.7.8.tgz",
          "dependencies": {
            "bindings": {
              "version": "1.0.0",
              "from": "bindings@1.0.0",
              "resolved": "https://registry.npmjs.org/bindings/-/bindings-1.0.0.tgz"
            }
          }
        },
        "yargs": {
          "version": "1.2.1",
          "from": "yargs@^1.2.1",
          "dependencies": {
            "minimist": {
              "version": "0.0.8",
              "from": "minimist@~0.0.1"
            }
          }
        }
      }
    },
    "hiredis": {
      "version": "0.1.16",
      "from": "hiredis@~0.1.16",
      "dependencies": {
        "bindings": {
          "version": "1.2.0",
          "from": "bindings@*"
        }
      }
    },
    "js-yaml": {
      "version": "3.0.2",
      "from": "js-yaml@~3.0.2",
      "dependencies": {
        "argparse": {
          "version": "0.1.15",
          "from": "argparse@~ 0.1.11",
          "dependencies": {
            "underscore": {
              "version": "1.4.4",
              "from": "underscore@~1.4.3"
            },
            "underscore.string": {
              "version": "2.3.3",
              "from": "underscore.string@~2.3.1"
            }
          }
        },
        "esprima": {
          "version": "1.0.4",
          "from": "esprima@~ 1.0.2"
        }
      }
    },
    "nconf": {
      "version": "0.6.9",
      "from": "nconf@~0.6.9",
      "dependencies": {
        "async": {
          "version": "0.2.9",
          "from": "async@0.2.9"
        },
        "ini": {
          "version": "1.1.0",
          "from": "ini@1.x.x"
        },
        "optimist": {
          "version": "0.6.0",
          "from": "optimist@0.6.0",
          "dependencies": {
            "wordwrap": {
              "version": "0.0.2",
              "from": "wordwrap@~0.0.2"
            },
            "minimist": {
              "version": "0.0.8",
              "from": "minimist@~0.0.1"
            }
          }
        }
      }
    },
    "redis": {
      "version": "0.10.1",
      "from": "redis@~0.10.1"
    },
    "require-tree": {
      "version": "0.3.3",
      "from": "require-tree@~0.3.3"
    },
    "schema-inspector": {
      "version": "1.4.2",
      "from": "schema-inspector@^1.4.2",
      "dependencies": {
        "async": {
          "version": "0.8.0",
          "from": "async@*",
          "resolved": "https://registry.npmjs.org/async/-/async-0.8.0.tgz"
        }
      }
    },
    "then-redis": {
      "version": "0.3.12",
      "from": "then-redis@~0.3.12",
      "dependencies": {
        "rsvp": {
          "version": "3.0.6",
          "from": "rsvp@~3.0.6"
        }
      }
    },
    "underscore": {
      "version": "1.6.0",
      "from": "underscore@~1.6.0"
    },
    "ws": {
      "version": "0.4.31",
      "from": "ws@~0.4.31",
      "dependencies": {
        "commander": {
          "version": "0.6.1",
          "from": "commander@~0.6.1"
        },
        "nan": {
          "version": "0.3.2",
          "from": "nan@~0.3.0"
        },
        "tinycolor": {
          "version": "0.0.1",
          "from": "tinycolor@0.x"
        },
        "options": {
          "version": "0.0.5",
          "from": "options@>=0.0.5"
        }
      }
    },
    "xml2js": {
      "version": "0.4.2",
      "from": "xml2js@~0.4.2",
      "dependencies": {
        "sax": {
          "version": "0.5.8",
          "from": "sax@0.5.x"
        },
        "xmlbuilder": {
          "version": "2.2.1",
          "from": "xmlbuilder@>=0.4.2",
          "dependencies": {
            "lodash-node": {
              "version": "2.4.1",
              "from": "lodash-node@~2.4.1"
            }
          }
        }
      }
    },
    "xmlrpc": {
      "version": "1.2.0",
      "from": "xmlrpc@~1.2.0",
      "dependencies": {
        "sax": {
          "version": "0.4.3",
          "from": "sax@0.4.x"
        },
        "xmlbuilder": {
          "version": "0.4.2",
          "from": "xmlbuilder@0.4.2",
          "resolved": "https://registry.npmjs.org/xmlbuilder/-/xmlbuilder-0.4.2.tgz"
        }
      }
    }
  }
}
