{
  "requires": true,
  "lockfileVersion": 1,
  "dependencies": {
    "@xen-orchestra/log": {
      "version": "0.2.0",
      "resolved": "https://registry.npmjs.org/@xen-orchestra/log/-/log-0.2.0.tgz",
      "integrity": "sha512-xNseJ/TIUdASm9uxr0zVvg8qDG+Xw6ycJy4dag+e1yl6pEr77GdPJD2R0JbE1BbZwup/Skh3TEh6L0GV+9NRdQ==",
      "requires": {
        "lodash": "^4.17.4",
        "promise-toolbox": "^0.13.0"
      }
    },
    "async-iterator-to-stream": {
      "version": "1.1.0",
      "resolved": "https://registry.npmjs.org/async-iterator-to-stream/-/async-iterator-to-stream-1.1.0.tgz",
      "integrity": "sha512-ddF3u7ipixenFJsYCKqVR9tNdkIzd2j7JVg8QarqkfUl7UTR7nhJgc1Q+3ebP/5DNFhV9Co9F47FJjGpdc0PjQ==",
      "requires": {
        "readable-stream": "^3.0.5"
      }
    },
    "core-js": {
      "version": "3.4.1",
      "resolved": "https://registry.npmjs.org/core-js/-/core-js-3.4.1.tgz",
      "integrity": "sha512-KX/dnuY/J8FtEwbnrzmAjUYgLqtk+cxM86hfG60LGiW3MmltIc2yAmDgBgEkfm0blZhUrdr1Zd84J2Y14mLxzg=="
    },
    "core-util-is": {
      "version": "1.0.2",
      "resolved": "https://registry.npmjs.org/core-util-is/-/core-util-is-1.0.2.tgz",
      "integrity": "sha1-tf1UIgqivFq1eqtxQMlAdUUDwac="
    },
    "debug": {
      "version": "2.6.9",
      "resolved": "https://registry.npmjs.org/debug/-/debug-2.6.9.tgz",
      "integrity": "sha512-bC7ElrdJaJnPbAP+1EotYvqZsb3ecl5wi6Bfi6BJTUcNowp6cvspg0jXznRTKDjm/E7AdgFBVeAPVMNcKGsHMA==",
      "requires": {
        "ms": "2.0.0"
      }
    },
    "event-loop-delay": {
      "version": "1.0.0",
      "resolved": "https://registry.npmjs.org/event-loop-delay/-/event-loop-delay-1.0.0.tgz",
      "integrity": "sha512-8YtyeIWHXrvTqlAhv+fmtaGGARmgStbvocERYzrZ3pwhnQULe5PuvMUTjIWw/emxssoaftfHZsJtkeY8xjiXCg==",
      "requires": {
        "napi-macros": "^1.8.2",
        "node-gyp-build": "^3.7.0"
      }
    },
    "from2": {
      "version": "2.3.0",
      "resolved": "https://registry.npmjs.org/from2/-/from2-2.3.0.tgz",
      "integrity": "sha1-i/tVAr3kpNNs/e6gB/zKIdfjgq8=",
      "requires": {
        "inherits": "^2.0.1",
        "readable-stream": "^2.0.0"
      },
      "dependencies": {
        "readable-stream": {
          "version": "2.3.6",
          "resolved": "https://registry.npmjs.org/readable-stream/-/readable-stream-2.3.6.tgz",
          "integrity": "sha512-tQtKA9WIAhBF3+VLAseyMqZeBjW0AHJoxOtYqSUZNJxauErmLbVm2FW1y+J/YA9dUrAC39ITejlZWhVIwawkKw==",
          "requires": {
            "core-util-is": "~1.0.0",
            "inherits": "~2.0.3",
            "isarray": "~1.0.0",
            "process-nextick-args": "~2.0.0",
            "safe-buffer": "~5.1.1",
            "string_decoder": "~1.1.1",
            "util-deprecate": "~1.0.1"
          }
        }
      }
    },
    "fs-extra": {
      "version": "8.1.0",
      "resolved": "https://registry.npmjs.org/fs-extra/-/fs-extra-8.1.0.tgz",
      "integrity": "sha512-yhlQgA6mnOJUKOsRUFsgJdQCvkKhcz8tlZG5HBQfReYZy46OwLcY+Zia0mtdHsOo9y/hP+CxMN0TU9QxoOtG4g==",
      "requires": {
        "graceful-fs": "^4.2.0",
        "jsonfile": "^4.0.0",
        "universalify": "^0.1.0"
      }
    },
    "getopts": {
      "version": "2.2.5",
      "resolved": "https://registry.npmjs.org/getopts/-/getopts-2.2.5.tgz",
      "integrity": "sha512-9jb7AW5p3in+IiJWhQiZmmwkpLaR/ccTWdWQCtZM66HJcHHLegowh4q4tSD7gouUyeNvFWRavfK9GXosQHDpFA=="
    },
    "golike-defer": {
      "version": "0.4.1",
      "resolved": "https://registry.npmjs.org/golike-defer/-/golike-defer-0.4.1.tgz",
      "integrity": "sha512-x8cq/Fvu32T8cnco3CBDRF+/M2LFmfSIysKfecX09uIK3cFdHcEKBTPlPnEO6lwrdxfjkOIU6dIw3EIlEJeS1A=="
    },
    "graceful-fs": {
      "version": "4.2.3",
      "resolved": "https://registry.npmjs.org/graceful-fs/-/graceful-fs-4.2.3.tgz",
      "integrity": "sha512-a30VEBm4PEdx1dRB7MFK7BejejvCvBronbLjht+sHuGYj8PHs7M/5Z+rt5lw551vZ7yfTCj4Vuyy3mSJytDWRQ=="
    },
    "human-format": {
      "version": "0.10.1",
      "resolved": "https://registry.npmjs.org/human-format/-/human-format-0.10.1.tgz",
      "integrity": "sha512-UzCHToSw3HI9MxH9tYzMr1JbHJbgzr6o0hZCun7sruv59S1leps21bmgpBkkwEvQon5n/2OWKH1iU7BEko02cg=="
    },
    "inherits": {
      "version": "2.0.4",
      "resolved": "https://registry.npmjs.org/inherits/-/inherits-2.0.4.tgz",
      "integrity": "sha512-k/vGaX4/Yla3WzyMCvTQOXYeIHvqOKtnqBduzTHpzpQZzAskKMhZ2K+EnBiSM9zGSoIFeMpXKxa4dYeZIQqewQ=="
    },
    "isarray": {
      "version": "1.0.0",
      "resolved": "https://registry.npmjs.org/isarray/-/isarray-1.0.0.tgz",
      "integrity": "sha1-u5NdSFgsuhaMBoNJV6VKPgcSTxE="
    },
    "jsonfile": {
      "version": "4.0.0",
      "resolved": "https://registry.npmjs.org/jsonfile/-/jsonfile-4.0.0.tgz",
      "integrity": "sha1-h3Gq4HmbZAdrdmQPygWPnBDjPss=",
      "requires": {
        "graceful-fs": "^4.1.6"
      }
    },
    "limit-concurrency-decorator": {
      "version": "0.4.0",
      "resolved": "https://registry.npmjs.org/limit-concurrency-decorator/-/limit-concurrency-decorator-0.4.0.tgz",
      "integrity": "sha512-hXGTuCkYjosfHT1D7dcPKzPHSGwBtZfN0wummzDwxi5A3ZUNBB75qM8phKEjQGlQGAfYrMW/JqhbaljO3xOH0A=="
    },
    "lodash": {
      "version": "4.17.15",
      "resolved": "https://registry.npmjs.org/lodash/-/lodash-4.17.15.tgz",
      "integrity": "sha512-8xOcRHvCjnocdS5cpwXQXVzmmh5e5+saE2QGoeQmbKmRS6J3VQppPOIt0MnmE+4xlZoumy0GPG0D0MVIQbNA1A=="
    },
    "make-error": {
      "version": "1.3.5",
      "resolved": "https://registry.npmjs.org/make-error/-/make-error-1.3.5.tgz",
      "integrity": "sha512-c3sIjNUow0+8swNwVpqoH4YCShKNFkMaw6oH1mNS2haDZQqkeZFlHS3dhoeEbKKmJB4vXpJucU6oH75aDYeE9g=="
    },
    "ms": {
      "version": "2.0.0",
      "resolved": "https://registry.npmjs.org/ms/-/ms-2.0.0.tgz",
      "integrity": "sha1-VgiurfwAvmwpAd9fmGF4jeDVl8g="
    },
    "napi-macros": {
      "version": "1.8.2",
      "resolved": "https://registry.npmjs.org/napi-macros/-/napi-macros-1.8.2.tgz",
      "integrity": "sha512-Tr0DNY4RzTaBG2W2m3l7ZtFuJChTH6VZhXVhkGGjF/4cZTt+i8GcM9ozD+30Lmr4mDoZ5Xx34t2o4GJqYWDGcg=="
    },
    "node-gyp-build": {
      "version": "3.9.0",
      "resolved": "https://registry.npmjs.org/node-gyp-build/-/node-gyp-build-3.9.0.tgz",
      "integrity": "sha512-zLcTg6P4AbcHPq465ZMFNXx7XpKKJh+7kkN699NiQWisR2uWYOWNWqRHAmbnmKiL4e9aLSlmy5U7rEMUXV59+A=="
    },
    "prettier-bytes": {
      "version": "1.0.4",
      "resolved": "https://registry.npmjs.org/prettier-bytes/-/prettier-bytes-1.0.4.tgz",
      "integrity": "sha1-mUsCqkb2mcULYle1+qp/4lV+YtY="
    },
    "process-nextick-args": {
      "version": "2.0.1",
      "resolved": "https://registry.npmjs.org/process-nextick-args/-/process-nextick-args-2.0.1.tgz",
      "integrity": "sha512-3ouUOpQhtgrbOa17J7+uxOTpITYWaGP7/AhoR3+A+/1e9skrzelGi/dXzEYyvbxubEF6Wn2ypscTKiKJFFn1ag=="
    },
    "process-top": {
      "version": "1.0.0",
      "resolved": "https://registry.npmjs.org/process-top/-/process-top-1.0.0.tgz",
      "integrity": "sha512-er8iSmBMslOt5cgIHg9m6zilTPsuUqpEb1yfQ4bDmO80zr/e/5hNn+Tay3CJM/FOBnJo8Bt3fFiDDH6GvIgeAg==",
      "requires": {
        "event-loop-delay": "^1.0.0",
        "prettier-bytes": "^1.0.4"
      }
    },
    "progress-stream": {
      "version": "2.0.0",
      "resolved": "https://registry.npmjs.org/progress-stream/-/progress-stream-2.0.0.tgz",
      "integrity": "sha1-+sY6Cz0R3qy7CWmrzJOyFLzhntU=",
      "requires": {
        "speedometer": "~1.0.0",
        "through2": "~2.0.3"
      }
    },
    "promise-toolbox": {
      "version": "0.13.0",
      "resolved": "https://registry.npmjs.org/promise-toolbox/-/promise-toolbox-0.13.0.tgz",
      "integrity": "sha512-Z6u7EL9/QyY1zZqeqpEiKS7ygKwZyl0JL0ouno/en6vMliZZc4AmM0aFCrDAVxEyKqj2f3SpkW0lXEfAZsNWiQ==",
      "requires": {
        "make-error": "^1.3.2"
      }
    },
    "readable-stream": {
      "version": "3.4.0",
      "resolved": "https://registry.npmjs.org/readable-stream/-/readable-stream-3.4.0.tgz",
      "integrity": "sha512-jItXPLmrSR8jmTRmRWJXCnGJsfy85mB3Wd/uINMXA65yrnFo0cPClFIUWzo2najVNSl+mx7/4W8ttlLWJe99pQ==",
      "requires": {
        "inherits": "^2.0.3",
        "string_decoder": "^1.1.1",
        "util-deprecate": "^1.0.1"
      }
    },
    "safe-buffer": {
      "version": "5.1.2",
      "resolved": "https://registry.npmjs.org/safe-buffer/-/safe-buffer-5.1.2.tgz",
      "integrity": "sha512-Gd2UZBJDkXlY7GbJxfsE8/nvKkUEU1G38c1siN6QP6a9PT9MmHB8GnpscSmMJSoF8LOIrt8ud/wPtojys4G6+g=="
    },
    "speedometer": {
      "version": "1.0.0",
      "resolved": "https://registry.npmjs.org/speedometer/-/speedometer-1.0.0.tgz",
      "integrity": "sha1-zWccsGdSwivKM3Di8zREC+T8YuI="
    },
    "stream-parser": {
      "version": "0.3.1",
      "resolved": "https://registry.npmjs.org/stream-parser/-/stream-parser-0.3.1.tgz",
      "integrity": "sha1-FhhUhpRCACGhGC/wrxkRwSl2F3M=",
      "requires": {
        "debug": "2"
      }
    },
    "string_decoder": {
      "version": "1.1.1",
      "resolved": "https://registry.npmjs.org/string_decoder/-/string_decoder-1.1.1.tgz",
      "integrity": "sha512-n/ShnvDi6FHbbVfviro+WojiFzv+s8MPMHBczVePfUpDJLwoLT0ht1l4YwBCbi8pJAveEEdnkHyPyTP/mzRfwg==",
      "requires": {
        "safe-buffer": "~5.1.0"
      }
    },
    "struct-fu": {
      "version": "1.2.1",
      "resolved": "https://registry.npmjs.org/struct-fu/-/struct-fu-1.2.1.tgz",
      "integrity": "sha512-QrtfoBRe+RixlBJl852/Gu7tLLTdx3kWs3MFzY1OHNrSsYYK7aIAnzqsncYRWrKGG/QSItDmOTlELMxehw4Gjw=="
    },
    "throttle": {
      "version": "1.0.3",
      "resolved": "https://registry.npmjs.org/throttle/-/throttle-1.0.3.tgz",
      "integrity": "sha1-ijLkoV8XY9mXlIMXxevjrYpB5Lc=",
      "requires": {
        "readable-stream": ">= 0.3.0",
        "stream-parser": ">= 0.0.2"
      }
    },
    "through2": {
      "version": "2.0.5",
      "resolved": "https://registry.npmjs.org/through2/-/through2-2.0.5.tgz",
      "integrity": "sha512-/mrRod8xqpA+IHSLyGCQ2s8SPHiCDEeQJSep1jqLYeEUClOFG2Qsh+4FU6G9VeqpZnGW/Su8LQGc4YKni5rYSQ==",
      "requires": {
        "readable-stream": "~2.3.6",
        "xtend": "~4.0.1"
      },
      "dependencies": {
        "readable-stream": {
          "version": "2.3.6",
          "resolved": "https://registry.npmjs.org/readable-stream/-/readable-stream-2.3.6.tgz",
          "integrity": "sha512-tQtKA9WIAhBF3+VLAseyMqZeBjW0AHJoxOtYqSUZNJxauErmLbVm2FW1y+J/YA9dUrAC39ITejlZWhVIwawkKw==",
          "requires": {
            "core-util-is": "~1.0.0",
            "inherits": "~2.0.3",
            "isarray": "~1.0.0",
            "process-nextick-args": "~2.0.0",
            "safe-buffer": "~5.1.1",
            "string_decoder": "~1.1.1",
            "util-deprecate": "~1.0.1"
          }
        }
      }
    },
    "universalify": {
      "version": "0.1.2",
      "resolved": "https://registry.npmjs.org/universalify/-/universalify-0.1.2.tgz",
      "integrity": "sha512-rBJeI5CXAlmy1pV+617WB9J63U6XcazHHF2f2dbJix4XzpUF0RS3Zbj0FGIOCAva5P/d/GBOYaACQ1w+0azUkg=="
    },
    "util-deprecate": {
      "version": "1.0.2",
      "resolved": "https://registry.npmjs.org/util-deprecate/-/util-deprecate-1.0.2.tgz",
      "integrity": "sha1-RQ1Nyfpw3nMnYvvS1KKJgUGaDM8="
    },
    "uuid": {
      "version": "3.3.3",
      "resolved": "https://registry.npmjs.org/uuid/-/uuid-3.3.3.tgz",
      "integrity": "sha512-pW0No1RGHgzlpHJO1nsVrHKpOEIxkGg1xB+v0ZmdNH5OAeAwzAVrCnI2/6Mtx+Uys6iaylxa+D3g4j63IKKjSQ=="
    },
    "vhd-lib": {
      "version": "0.7.1",
      "resolved": "https://registry.npmjs.org/vhd-lib/-/vhd-lib-0.7.1.tgz",
      "integrity": "sha512-TODzo7KjtNzYF/NuJjE5bPeGyXZIUzAOVJvED1dcPXr8iSnS6/U5aNdtKahBVwukEzf0/x+Cu3GMYutV4/cxsQ==",
      "requires": {
        "@xen-orchestra/log": "^0.2.0",
        "async-iterator-to-stream": "^1.0.2",
        "core-js": "^3.0.0",
        "from2": "^2.3.0",
        "fs-extra": "^8.0.1",
        "limit-concurrency-decorator": "^0.4.0",
        "promise-toolbox": "^0.14.0",
        "struct-fu": "^1.2.0",
        "uuid": "^3.0.1"
      },
      "dependencies": {
        "promise-toolbox": {
          "version": "0.14.0",
          "resolved": "https://registry.npmjs.org/promise-toolbox/-/promise-toolbox-0.14.0.tgz",
          "integrity": "sha512-VV5lXK4lXaPB9oBO50ope1qd0AKN8N3nK14jYvV9/qFmfZW2Px/bJjPZBniGjXcIJf6J5Y/coNgJtPHDyiUV/g==",
          "requires": {
            "make-error": "^1.3.2"
          }
        }
      }
    },
    "xtend": {
      "version": "4.0.2",
      "resolved": "https://registry.npmjs.org/xtend/-/xtend-4.0.2.tgz",
      "integrity": "sha512-LKYU1iAXJXUgAXn9URjiu+MWhyUXHsvfp7mcuYm9dSUKK0/CjtrUwFAxD82/mCWbtLsGjFIad0wIsod4zrTAEQ=="
    }
  }
}
