# THIS IS AN AUTOGENERATED FILE. DO NOT EDIT THIS FILE DIRECTLY.
# yarn lockfile v1


end-of-stream@^1.1.0:
  version "1.4.0"
  resolved "https://registry.yarnpkg.com/end-of-stream/-/end-of-stream-1.4.0.tgz#7a90d833efda6cfa6eac0f4949dbb0fad3a63206"
  dependencies:
    once "^1.4.0"

golike-defer@^0.1.0:
  version "0.1.0"
  resolved "https://registry.yarnpkg.com/golike-defer/-/golike-defer-0.1.0.tgz#70a3d8991cdfe41845956bfb578f69bc3e49f525"

once@^1.3.1, once@^1.4.0:
  version "1.4.0"
  resolved "https://registry.yarnpkg.com/once/-/once-1.4.0.tgz#583b1aa775961d4b113ac17d9c50baef9dd76bd1"
  dependencies:
    wrappy "1"

pump@^1.0.2:
  version "1.0.2"
  resolved "https://registry.yarnpkg.com/pump/-/pump-1.0.2.tgz#3b3ee6512f94f0e575538c17995f9f16990a5d51"
  dependencies:
    end-of-stream "^1.1.0"
    once "^1.3.1"

wrappy@1:
  version "1.0.2"
  resolved "https://registry.yarnpkg.com/wrappy/-/wrappy-1.0.2.tgz#b5243d8f3ec1aa35f1364605bc0d1036e30ab69f"
