{
  "name": "@xen-orchestra/human-format",
  "version": "0.1.0",
  "lockfileVersion": 1,
  "requires": true,
  "dependencies": {
    "human-format": {
      "version": "0.11.0",
      "resolved": "https://registry.npmjs.org/human-format/-/human-format-0.11.0.tgz",
      "integrity": "sha512-g4UtoBnhfitCjkGjjiOlY8tkmArIcrstBa5adihxSJwSde1A7iQzvrNLB5ceX89FHXzYi9yTi04t3m82J/XIag=="
    }
  }
}
